// !$*UTF8*$!
{
	archiveVersion = 1;
	classes = {
	};
	objectVersion = 46;
	objects = {

/* Begin PBXBuildFile section */
		654461F01E9F75B200665F76 /* AppDelegate.swift in Sources */ = {isa = PBXBuildFile; fileRef = 654461EF1E9F75B200665F76 /* AppDelegate.swift */; };
		654461F21E9F75B200665F76 /* ViewController.swift in Sources */ = {isa = PBXBuildFile; fileRef = 654461F11E9F75B200665F76 /* ViewController.swift */; };
		654461F51E9F75B200665F76 /* Main.storyboard in Resources */ = {isa = PBXBuildFile; fileRef = 654461F31E9F75B200665F76 /* Main.storyboard */; };
		654461F81E9F75B200665F76 /* Current_Location_Starter_Kit.xcdatamodeld in Sources */ = {isa = PBXBuildFile; fileRef = 654461F61E9F75B200665F76 /* Current_Location_Starter_Kit.xcdatamodeld */; };
		654461FA1E9F75B200665F76 /* Assets.xcassets in Resources */ = {isa = PBXBuildFile; fileRef = 654461F91E9F75B200665F76 /* Assets.xcassets */; };
		654461FD1E9F75B200665F76 /* LaunchScreen.storyboard in Resources */ = {isa = PBXBuildFile; fileRef = 654461FB1E9F75B200665F76 /* LaunchScreen.storyboard */; };
/* End PBXBuildFile section */

/* Begin PBXFileReference section */
		654461EC1E9F75B200665F76 /* Current Location Starter Kit.app */ = {isa = PBXFileReference; explicitFileType = wrapper.application; includeInIndex = 0; path = "Current Location Starter Kit.app"; sourceTree = BUILT_PRODUCTS_DIR; };
		654461EF1E9F75B200665F76 /* AppDelegate.swift */ = {isa = PBXFileReference; lastKnownFileType = sourcecode.swift; path = AppDelegate.swift; sourceTree = "<group>"; };
		654461F11E9F75B200665F76 /* ViewController.swift */ = {isa = PBXFileReference; lastKnownFileType = sourcecode.swift; path = ViewController.swift; sourceTree = "<group>"; };
		654461F41E9F75B200665F76 /* Base */ = {isa = PBXFileReference; lastKnownFileType = file.storyboard; name = Base; path = Base.lproj/Main.storyboard; sourceTree = "<group>"; };
		654461F71E9F75B200665F76 /* Current_Location_Starter_Kit.xcdatamodel */ = {isa = PBXFileReference; lastKnownFileType = wrapper.xcdatamodel; path = Current_Location_Starter_Kit.xcdatamodel; sourceTree = "<group>"; };
		654461F91E9F75B200665F76 /* Assets.xcassets */ = {isa = PBXFileReference; lastKnownFileType = folder.assetcatalog; path = Assets.xcassets; sourceTree = "<group>"; };
		654461FC1E9F75B200665F76 /* Base */ = {isa = PBXFileReference; lastKnownFileType = file.storyboard; name = Base; path = Base.lproj/LaunchScreen.storyboard; sourceTree = "<group>"; };
		654461FE1E9F75B200665F76 /* Info.plist */ = {isa = PBXFileReference; lastKnownFileType = text.plist.xml; path = Info.plist; sourceTree = "<group>"; };
/* End PBXFileReference section */

/* Begin PBXFrameworksBuildPhase section */
		654461E91E9F75B200665F76 /* Frameworks */ = {
			isa = PBXFrameworksBuildPhase;
			buildActionMask = 2147483647;
			files = (
			);
			runOnlyForDeploymentPostprocessing = 0;
		};
/* End PBXFrameworksBuildPhase section */

/* Begin PBXGroup section */
		654461E31E9F75B200665F76 = {
			isa = PBXGroup;
			children = (
				654461EE1E9F75B200665F76 /* Current Location Starter Kit */,
				654461ED1E9F75B200665F76 /* Products */,
			);
			sourceTree = "<group>";
		};
		654461ED1E9F75B200665F76 /* Products */ = {
			isa = PBXGroup;
			children = (
				654461EC1E9F75B200665F76 /* Current Location Starter Kit.app */,
			);
			name = Products;
			sourceTree = "<group>";
		};
		654461EE1E9F75B200665F76 /* Current Location Starter Kit */ = {
			isa = PBXGroup;
			children = (
				654461EF1E9F75B200665F76 /* AppDelegate.swift */,
				654461F11E9F75B200665F76 /* ViewController.swift */,
				654461F31E9F75B200665F76 /* Main.storyboard */,
				654461F91E9F75B200665F76 /* Assets.xcassets */,
				654461FB1E9F75B200665F76 /* LaunchScreen.storyboard */,
				654461FE1E9F75B200665F76 /* Info.plist */,
				654461F61E9F75B200665F76 /* Current_Location_Starter_Kit.xcdatamodeld */,
			);
			path = "Current Location Starter Kit";
			sourceTree = "<group>";
		};
/* End PBXGroup section */

/* Begin PBXNativeTarget section */
		654461EB1E9F75B200665F76 /* Current Location Starter Kit */ = {
			isa = PBXNativeTarget;
			buildConfigurationList = 654462011E9F75B200665F76 /* Build configuration list for PBXNativeTarget "Current Location Starter Kit" */;
			buildPhases = (
				654461E81E9F75B200665F76 /* Sources */,
				654461E91E9F75B200665F76 /* Frameworks */,
				654461EA1E9F75B200665F76 /* Resources */,
			);
			buildRules = (
			);
			dependencies = (
			);
			name = "Current Location Starter Kit";
			productName = "Current Location Starter Kit";
			productReference = 654461EC1E9F75B200665F76 /* Current Location Starter Kit.app */;
			productType = "com.apple.product-type.application";
		};
/* End PBXNativeTarget section */

/* Begin PBXProject section */
		654461E41E9F75B200665F76 /* Project object */ = {
			isa = PBXProject;
			attributes = {
				LastSwiftUpdateCheck = 0830;
				LastUpgradeCheck = 0830;
				ORGANIZATIONNAME = "Abhishek Kankani";
				TargetAttributes = {
					654461EB1E9F75B200665F76 = {
						CreatedOnToolsVersion = 8.3;
						ProvisioningStyle = Automatic;
					};
				};
			};
			buildConfigurationList = 654461E71E9F75B200665F76 /* Build configuration list for PBXProject "Current Location Starter Kit" */;
			compatibilityVersion = "Xcode 3.2";
			developmentRegion = English;
			hasScannedForEncodings = 0;
			knownRegions = (
				en,
				Base,
			);
			mainGroup = 654461E31E9F75B200665F76;
			productRefGroup = 654461ED1E9F75B200665F76 /* Products */;
			projectDirPath = "";
			projectRoot = "";
			targets = (
				654461EB1E9F75B200665F76 /* Current Location Starter Kit */,
			);
		};
/* End PBXProject section */

/* Begin PBXResourcesBuildPhase section */
		654461EA1E9F75B200665F76 /* Resources */ = {
			isa = PBXResourcesBuildPhase;
			buildActionMask = 2147483647;
			files = (
				654461FD1E9F75B200665F76 /* LaunchScreen.storyboard in Resources */,
				654461FA1E9F75B200665F76 /* Assets.xcassets in Resources */,
				654461F51E9F75B200665F76 /* Main.storyboard in Resources */,
			);
			runOnlyForDeploymentPostprocessing = 0;
		};
/* End PBXResourcesBuildPhase section */

/* Begin PBXSourcesBuildPhase section */
		654461E81E9F75B200665F76 /* Sources */ = {
			isa = PBXSourcesBuildPhase;
			buildActionMask = 2147483647;
			files = (
				654461F21E9F75B200665F76 /* ViewController.swift in Sources */,
				654461F01E9F75B200665F76 /* AppDelegate.swift in Sources */,
				654461F81E9F75B200665F76 /* Current_Location_Starter_Kit.xcdatamodeld in Sources */,
			);
			runOnlyForDeploymentPostprocessing = 0;
		};
/* End PBXSourcesBuildPhase section */

/* Begin PBXVariantGroup section */
		654461F31E9F75B200665F76 /* Main.storyboard */ = {
			isa = PBXVariantGroup;
			children = (
				654461F41E9F75B200665F76 /* Base */,
			);
			name = Main.storyboard;
			sourceTree = "<group>";
		};
		654461FB1E9F75B200665F76 /* LaunchScreen.storyboard */ = {
			isa = PBXVariantGroup;
			children = (
				654461FC1E9F75B200665F76 /* Base */,
			);
			name = LaunchScreen.storyboard;
			sourceTree = "<group>";
		};
/* End PBXVariantGroup section */

/* Begin XCBuildConfiguration section */
		654461FF1E9F75B200665F76 /* Debug */ = {
			isa = XCBuildConfiguration;
			buildSettings = {
				ALWAYS_SEARCH_USER_PATHS = NO;
				CLANG_ANALYZER_NONNULL = YES;
				CLANG_ANALYZER_NUMBER_OBJECT_CONVERSION = YES_AGGRESSIVE;
				CLANG_CXX_LANGUAGE_STANDARD = "gnu++0x";
				CLANG_CXX_LIBRARY = "libc++";
				CLANG_ENABLE_MODULES = YES;
				CLANG_ENABLE_OBJC_ARC = YES;
				CLANG_WARN_BOOL_CONVERSION = YES;
				CLANG_WARN_CONSTANT_CONVERSION = YES;
				CLANG_WARN_DIRECT_OBJC_ISA_USAGE = YES_ERROR;
				CLANG_WARN_DOCUMENTATION_COMMENTS = YES;
				CLANG_WARN_EMPTY_BODY = YES;
				CLANG_WARN_ENUM_CONVERSION = YES;
				CLANG_WARN_INFINITE_RECURSION = YES;
				CLANG_WARN_INT_CONVERSION = YES;
				CLANG_WARN_OBJC_ROOT_CLASS = YES_ERROR;
				CLANG_WARN_SUSPICIOUS_MOVE = YES;
				CLANG_WARN_UNREACHABLE_CODE = YES;
				CLANG_WARN__DUPLICATE_METHOD_MATCH = YES;
				"CODE_SIGN_IDENTITY[sdk=iphoneos*]" = "iPhone Developer";
				COPY_PHASE_STRIP = NO;
				DEBUG_INFORMATION_FORMAT = dwarf;
				ENABLE_STRICT_OBJC_MSGSEND = YES;
				ENABLE_TESTABILITY = YES;
				GCC_C_LANGUAGE_STANDARD = gnu99;
				GCC_DYNAMIC_NO_PIC = NO;
				GCC_NO_COMMON_BLOCKS = YES;
				GCC_OPTIMIZATION_LEVEL = 0;
				GCC_PREPROCESSOR_DEFINITIONS = (
					"DEBUG=1",
					"$(inherited)",
				);
				GCC_WARN_64_TO_32_BIT_CONVERSION = YES;
				GCC_WARN_ABOUT_RETURN_TYPE = YES_ERROR;
				GCC_WARN_UNDECLARED_SELECTOR = YES;
				GCC_WARN_UNINITIALIZED_AUTOS = YES_AGGRESSIVE;
				GCC_WARN_UNUSED_FUNCTION = YES;
				GCC_WARN_UNUSED_VARIABLE = YES;
				IPHONEOS_DEPLOYMENT_TARGET = 10.3;
				MTL_ENABLE_DEBUG_INFO = YES;
				ONLY_ACTIVE_ARCH = YES;
				SDKROOT = iphoneos;
				SWIFT_ACTIVE_COMPILATION_CONDITIONS = DEBUG;
				SWIFT_OPTIMIZATION_LEVEL = "-Onone";
			};
			name = Debug;
		};
		654462001E9F75B200665F76 /* Release */ = {
			isa = XCBuildConfiguration;
			buildSettings = {
				ALWAYS_SEARCH_USER_PATHS = NO;
				CLANG_ANALYZER_NONNULL = YES;
				CLANG_ANALYZER_NUMBER_OBJECT_CONVERSION = YES_AGGRESSIVE;
				CLANG_CXX_LANGUAGE_STANDARD = "gnu++0x";
				CLANG_CXX_LIBRARY = "libc++";
				CLANG_ENABLE_MODULES = YES;
				CLANG_ENABLE_OBJC_ARC = YES;
				CLANG_WARN_BOOL_CONVERSION = YES;
				CLANG_WARN_CONSTANT_CONVERSION = YES;
				CLANG_WARN_DIRECT_OBJC_ISA_USAGE = YES_ERROR;
				CLANG_WARN_DOCUMENTATION_COMMENTS = YES;
				CLANG_WARN_EMPTY_BODY = YES;
				CLANG_WARN_ENUM_CONVERSION = YES;
				CLANG_WARN_INFINITE_RECURSION = YES;
				CLANG_WARN_INT_CONVERSION = YES;
				CLANG_WARN_OBJC_ROOT_CLASS = YES_ERROR;
				CLANG_WARN_SUSPICIOUS_MOVE = YES;
				CLANG_WARN_UNREACHABLE_CODE = YES;
				CLANG_WARN__DUPLICATE_METHOD_MATCH = YES;
				"CODE_SIGN_IDENTITY[sdk=iphoneos*]" = "iPhone Developer";
				COPY_PHASE_STRIP = NO;
				DEBUG_INFORMATION_FORMAT = "dwarf-with-dsym";
				ENABLE_NS_ASSERTIONS = NO;
				ENABLE_STRICT_OBJC_MSGSEND = YES;
				GCC_C_LANGUAGE_STANDARD = gnu99;
				GCC_NO_COMMON_BLOCKS = YES;
				GCC_WARN_64_TO_32_BIT_CONVERSION = YES;
				GCC_WARN_ABOUT_RETURN_TYPE = YES_ERROR;
				GCC_WARN_UNDECLARED_SELECTOR = YES;
				GCC_WARN_UNINITIALIZED_AUTOS = YES_AGGRESSIVE;
				GCC_WARN_UNUSED_FUNCTION = YES;
				GCC_WARN_UNUSED_VARIABLE = YES;
				IPHONEOS_DEPLOYMENT_TARGET = 10.3;
				MTL_ENABLE_DEBUG_INFO = NO;
				SDKROOT = iphoneos;
				SWIFT_OPTIMIZATION_LEVEL = "-Owholemodule";
				VALIDATE_PRODUCT = YES;
			};
			name = Release;
		};
		654462021E9F75B200665F76 /* Debug */ = {
			isa = XCBuildConfiguration;
			buildSettings = {
				ASSETCATALOG_COMPILER_APPICON_NAME = AppIcon;
				INFOPLIST_FILE = "Current Location Starter Kit/Info.plist";
				LD_RUNPATH_SEARCH_PATHS = "$(inherited) @executable_path/Frameworks";
				PRODUCT_BUNDLE_IDENTIFIER = "com.abhishekkankani.Current-Location-Starter-Kit";
				PRODUCT_NAME = "$(TARGET_NAME)";
				SWIFT_VERSION = 3.0;
			};
			name = Debug;
		};
		654462031E9F75B200665F76 /* Release */ = {
			isa = XCBuildConfiguration;
			buildSettings = {
				ASSETCATALOG_COMPILER_APPICON_NAME = AppIcon;
				INFOPLIST_FILE = "Current Location Starter Kit/Info.plist";
				LD_RUNPATH_SEARCH_PATHS = "$(inherited) @executable_path/Frameworks";
				PRODUCT_BUNDLE_IDENTIFIER = "com.abhishekkankani.Current-Location-Starter-Kit";
				PRODUCT_NAME = "$(TARGET_NAME)";
				SWIFT_VERSION = 3.0;
			};
			name = Release;
		};
/* End XCBuildConfiguration section */

/* Begin XCConfigurationList section */
		654461E71E9F75B200665F76 /* Build configuration list for PBXProject "Current Location Starter Kit" */ = {
			isa = XCConfigurationList;
			buildConfigurations = (
				654461FF1E9F75B200665F76 /* Debug */,
				654462001E9F75B200665F76 /* Release */,
			);
			defaultConfigurationIsVisible = 0;
			defaultConfigurationName = Release;
		};
		654462011E9F75B200665F76 /* Build configuration list for PBXNativeTarget "Current Location Starter Kit" */ = {
			isa = XCConfigurationList;
			buildConfigurations = (
				654462021E9F75B200665F76 /* Debug */,
				654462031E9F75B200665F76 /* Release */,
			);
			defaultConfigurationIsVisible = 0;
		};
/* End XCConfigurationList section */

/* Begin XCVersionGroup section */
		654461F61E9F75B200665F76 /* Current_Location_Starter_Kit.xcdatamodeld */ = {
			isa = XCVersionGroup;
			children = (
				654461F71E9F75B200665F76 /* Current_Location_Starter_Kit.xcdatamodel */,
			);
			currentVersion = 654461F71E9F75B200665F76 /* Current_Location_Starter_Kit.xcdatamodel */;
			path = Current_Location_Starter_Kit.xcdatamodeld;
			sourceTree = "<group>";
			versionGroupType = wrapper.xcdatamodel;
		};
/* End XCVersionGroup section */
	};
	rootObject = 654461E41E9F75B200665F76 /* Project object */;
}
